#MicroXplorer Configuration settings - do not modify
CAD.formats=
CAD.pinconfig=
CAD.provider=
DFSDM1.Divider=24
DFSDM1.DmaMode_reg_FIL0=ENABLE
DFSDM1.DmaMode_reg_FIL1=ENABLE
DFSDM1.ExtTriggerEdge_inj_FIL0=DFSDM_FILTER_EXT_TRIG_BOTH_EDGES
DFSDM1.ExtTriggerEdge_inj_FIL1=DFSDM_FILTER_EXT_TRIG_BOTH_EDGES
DFSDM1.ExtTrigger_inj_FIL0=DFSDM_FILTER_EXT_TRIG_TIM8_TRGO
DFSDM1.ExtTrigger_inj_FIL1=DFSDM_FILTER_EXT_TRIG_TIM8_TRGO
DFSDM1.FastMode_reg_FIL0=ENABLE
DFSDM1.FastMode_reg_FIL1=ENABLE
DFSDM1.FilterOrder_CH0=DFSDM_CHANNEL_SINC1_ORDER
DFSDM1.FilterOrder_CH3=DFSDM_CHANNEL_SINC1_ORDER
DFSDM1.Filter_injChannel0_FIL0=DFSDM_CHANNEL_0
DFSDM1.Filter_injChannel3_FIL0=__NULL
DFSDM1.Filter_injChannel3_FIL1=DFSDM_CHANNEL_3
DFSDM1.Filter_regChannel_FIL0=DFSDM_CHANNEL_0
DFSDM1.Filter_regChannel_FIL1=DFSDM_CHANNEL_3
DFSDM1.Filter_regContinuousMode_FIL0=DFSDM_CONTINUOUS_CONV_ON
DFSDM1.Fosr_FIL0=128
DFSDM1.Fosr_FIL1=128
DFSDM1.IPParameters=Filter_injChannel0_FIL0,Filter_injChannel3_FIL0,Oversampling_CH0,Oversampling_CH3,Type_spi_CH3,FilterOrder_CH3,FilterOrder_CH0,RightBitShift_CH0,RightBitShift_CH3,Filter_regChannel_FIL0,FastMode_reg_FIL0,Filter_regContinuousMode_FIL0,SincOrder_FIL0,Filter_regChannel_FIL1,FastMode_reg_FIL1,Filter_injChannel3_FIL1,ScanMode_inj_FIL1,SincOrder_FIL1,Selection,Divider,DmaMode_reg_FIL0,DmaMode_reg_FIL1,Fosr_FIL0,Fosr_FIL1,Trigger_inj_FIL1,ExtTrigger_inj_FIL1,ExtTriggerEdge_inj_FIL1,Trigger_inj_FIL0,ExtTrigger_inj_FIL0,ExtTriggerEdge_inj_FIL0
DFSDM1.Oversampling_CH0=16
DFSDM1.Oversampling_CH3=16
DFSDM1.RightBitShift_CH0=0x02
DFSDM1.RightBitShift_CH3=0x2
DFSDM1.ScanMode_inj_FIL1=DISABLE
DFSDM1.Selection=DFSDM_CHANNEL_OUTPUT_CLOCK_AUDIO
DFSDM1.SincOrder_FIL0=DFSDM_FILTER_SINC3_ORDER
DFSDM1.SincOrder_FIL1=DFSDM_FILTER_SINC3_ORDER
DFSDM1.Trigger_inj_FIL0=DFSDM_FILTER_EXT_TRIGGER
DFSDM1.Trigger_inj_FIL1=DFSDM_FILTER_EXT_TRIGGER
DFSDM1.Type_spi_CH3=DFSDM_CHANNEL_SPI_FALLING
Dma.DFSDM1_FLT0.0.Direction=DMA_PERIPH_TO_MEMORY
Dma.DFSDM1_FLT0.0.FIFOMode=DMA_FIFOMODE_DISABLE
Dma.DFSDM1_FLT0.0.Instance=DMA2_Stream6
Dma.DFSDM1_FLT0.0.MemDataAlignment=DMA_MDATAALIGN_WORD
Dma.DFSDM1_FLT0.0.MemInc=DMA_MINC_ENABLE
Dma.DFSDM1_FLT0.0.Mode=DMA_CIRCULAR
Dma.DFSDM1_FLT0.0.PeriphDataAlignment=DMA_PDATAALIGN_WORD
Dma.DFSDM1_FLT0.0.PeriphInc=DMA_PINC_DISABLE
Dma.DFSDM1_FLT0.0.Priority=DMA_PRIORITY_HIGH
Dma.DFSDM1_FLT0.0.RequestParameters=Instance,Direction,PeriphInc,MemInc,PeriphDataAlignment,MemDataAlignment,Mode,Priority,FIFOMode
Dma.DFSDM1_FLT1.1.Direction=DMA_PERIPH_TO_MEMORY
Dma.DFSDM1_FLT1.1.FIFOMode=DMA_FIFOMODE_DISABLE
Dma.DFSDM1_FLT1.1.Instance=DMA2_Stream4
Dma.DFSDM1_FLT1.1.MemDataAlignment=DMA_MDATAALIGN_WORD
Dma.DFSDM1_FLT1.1.MemInc=DMA_MINC_ENABLE
Dma.DFSDM1_FLT1.1.Mode=DMA_CIRCULAR
Dma.DFSDM1_FLT1.1.PeriphDataAlignment=DMA_PDATAALIGN_WORD
Dma.DFSDM1_FLT1.1.PeriphInc=DMA_PINC_DISABLE
Dma.DFSDM1_FLT1.1.Priority=DMA_PRIORITY_HIGH
Dma.DFSDM1_FLT1.1.RequestParameters=Instance,Direction,PeriphInc,MemInc,PeriphDataAlignment,MemDataAlignment,Mode,Priority,FIFOMode
Dma.Request0=DFSDM1_FLT0
Dma.Request1=DFSDM1_FLT1
Dma.RequestsNb=2
FREERTOS.IPParameters=Tasks01,configTOTAL_HEAP_SIZE,configCHECK_FOR_STACK_OVERFLOW
FREERTOS.Tasks01=defaultTask,24,128,StartDefaultTask,Default,NULL,Dynamic,NULL,NULL
FREERTOS.configCHECK_FOR_STACK_OVERFLOW=2
FREERTOS.configTOTAL_HEAP_SIZE=128000
File.Version=6
KeepUserPlacement=false
Mcu.CPN=STM32F412ZGT6
Mcu.Family=STM32F4
Mcu.IP0=DFSDM1
Mcu.IP1=DMA
Mcu.IP2=FREERTOS
Mcu.IP3=NVIC
Mcu.IP4=RCC
Mcu.IP5=SYS
Mcu.IP6=USART2
Mcu.IPNb=7
Mcu.Name=STM32F412Z(E-G)Tx
Mcu.Package=LQFP144
Mcu.Pin0=PE2
Mcu.Pin1=PE3
Mcu.Pin10=PE1
Mcu.Pin11=VP_FREERTOS_VS_CMSIS_V2
Mcu.Pin12=VP_SYS_VS_tim6
Mcu.Pin2=PE4
Mcu.Pin3=PC2
Mcu.Pin4=PA2
Mcu.Pin5=PA3
Mcu.Pin6=PB1
Mcu.Pin7=PA13
Mcu.Pin8=PA14
Mcu.Pin9=PE0
Mcu.PinsNb=13
Mcu.ThirdPartyNb=0
Mcu.UserConstants=
Mcu.UserName=STM32F412ZGTx
MxCube.Version=6.12.0
MxDb.Version=DB.6.0.120
NVIC.BusFault_IRQn=true\:0\:0\:false\:false\:true\:false\:false\:false\:false
NVIC.DMA2_Stream4_IRQn=true\:5\:0\:false\:false\:true\:false\:false\:true\:true
NVIC.DMA2_Stream6_IRQn=true\:5\:0\:false\:false\:true\:false\:false\:true\:true
NVIC.DebugMonitor_IRQn=true\:0\:0\:false\:false\:true\:false\:false\:false\:false
NVIC.ForceEnableDMAVector=true
NVIC.HardFault_IRQn=true\:0\:0\:false\:false\:true\:false\:false\:false\:false
NVIC.MemoryManagement_IRQn=true\:0\:0\:false\:false\:true\:false\:false\:false\:false
NVIC.NonMaskableInt_IRQn=true\:0\:0\:false\:false\:true\:false\:false\:false\:false
NVIC.PendSV_IRQn=true\:15\:0\:false\:false\:false\:true\:false\:false\:false
NVIC.PriorityGroup=NVIC_PRIORITYGROUP_4
NVIC.SVCall_IRQn=true\:0\:0\:false\:false\:false\:false\:false\:false\:false
NVIC.SavedPendsvIrqHandlerGenerated=true
NVIC.SavedSvcallIrqHandlerGenerated=true
NVIC.SavedSystickIrqHandlerGenerated=true
NVIC.SysTick_IRQn=true\:15\:0\:false\:false\:false\:true\:false\:true\:false
NVIC.TIM6_IRQn=true\:15\:0\:false\:false\:true\:false\:false\:true\:true
NVIC.TimeBase=TIM6_IRQn
NVIC.TimeBaseIP=TIM6
NVIC.UsageFault_IRQn=true\:0\:0\:false\:false\:true\:false\:false\:false\:false
PA13.Mode=Serial_Wire
PA13.Signal=SYS_JTMS-SWDIO
PA14.Mode=Serial_Wire
PA14.Signal=SYS_JTCK-SWCLK
PA2.Mode=Asynchronous
PA2.Signal=USART2_TX
PA3.Mode=Asynchronous
PA3.Signal=USART2_RX
PB1.Signal=S_DATAIN0DFSDM1
PC2.Signal=S_CKOUTDFSDM1
PE0.Locked=true
PE0.Signal=GPIO_Output
PE1.Locked=true
PE1.Signal=GPIO_Output
PE2.Locked=true
PE2.Signal=GPIO_Output
PE3.Locked=true
PE3.Signal=GPIO_Output
PE4.Signal=S_DATAIN3DFSDM1
PinOutPanel.RotationAngle=0
ProjectManager.AskForMigrate=true
ProjectManager.BackupPrevious=false
ProjectManager.CompilerOptimize=6
ProjectManager.ComputerToolchain=false
ProjectManager.CoupleFile=true
ProjectManager.CustomerFirmwarePackage=
ProjectManager.DefaultFWLocation=true
ProjectManager.DeletePrevious=true
ProjectManager.DeviceId=STM32F412ZGTx
ProjectManager.FirmwarePackage=STM32Cube FW_F4 V1.28.3
ProjectManager.FreePins=false
ProjectManager.HalAssertFull=false
ProjectManager.HeapSize=0x200
ProjectManager.KeepUserCode=true
ProjectManager.LastFirmware=true
ProjectManager.LibraryCopy=1
ProjectManager.MainLocation=Core/Src
ProjectManager.NoMain=false
ProjectManager.PreviousToolchain=
ProjectManager.ProjectBuild=false
ProjectManager.ProjectFileName=AUDIO.ioc
ProjectManager.ProjectName=AUDIO
ProjectManager.ProjectStructure=
ProjectManager.RegisterCallBack=
ProjectManager.StackSize=0x400
ProjectManager.TargetToolchain=STM32CubeIDE
ProjectManager.ToolChainLocation=
ProjectManager.UAScriptAfterPath=
ProjectManager.UAScriptBeforePath=
ProjectManager.UnderRoot=true
ProjectManager.functionlistsort=1-SystemClock_Config-RCC-false-HAL-false,2-MX_GPIO_Init-GPIO-false-HAL-true,3-MX_DMA_Init-DMA-false-HAL-true,4-MX_USART2_UART_Init-USART2-false-HAL-true,5-MX_DFSDM1_Init-DFSDM1-false-HAL-true
RCC.AHBFreq_Value=100000000
RCC.APB1CLKDivider=RCC_HCLK_DIV2
RCC.APB1Freq_Value=50000000
RCC.APB1TimFreq_Value=100000000
RCC.APB2Freq_Value=100000000
RCC.APB2TimFreq_Value=100000000
RCC.CortexFreq_Value=100000000
RCC.DFSDMFreq_Value=100000000
RCC.FCLKCortexFreq_Value=100000000
RCC.FMPI2C1Freq_Value=50000000
RCC.FamilyName=M
RCC.HCLKFreq_Value=100000000
RCC.IPParameters=AHBFreq_Value,APB1CLKDivider,APB1Freq_Value,APB1TimFreq_Value,APB2Freq_Value,APB2TimFreq_Value,CortexFreq_Value,DFSDMFreq_Value,FCLKCortexFreq_Value,FMPI2C1Freq_Value,FamilyName,HCLKFreq_Value,MCO2PinFreq_Value,PLLCLKFreq_Value,PLLI2SPCLKFreq_Value,PLLI2SQCLKFreq_Value,PLLI2SRCLKFreq_Value,PLLM,PLLN,PLLQCLKFreq_Value,PLLQoutputFreq_Value,PLLRCLKFreq_Value,PLLRoutputFreq_Value,RNGFreq_Value,SDIOFreq_Value,SYSCLKFreq_VALUE,SYSCLKSource,USBFreq_Value,VCOI2SInputFreq_Value,VCOI2SOutputFreq_Value,VCOInputFreq_Value,VCOOutputFreq_Value
RCC.MCO2PinFreq_Value=100000000
RCC.PLLCLKFreq_Value=100000000
RCC.PLLI2SPCLKFreq_Value=96000000
RCC.PLLI2SQCLKFreq_Value=96000000
RCC.PLLI2SRCLKFreq_Value=96000000
RCC.PLLM=8
RCC.PLLN=100
RCC.PLLQCLKFreq_Value=100000000
RCC.PLLQoutputFreq_Value=100000000
RCC.PLLRCLKFreq_Value=100000000
RCC.PLLRoutputFreq_Value=100000000
RCC.RNGFreq_Value=100000000
RCC.SDIOFreq_Value=100000000
RCC.SYSCLKFreq_VALUE=100000000
RCC.SYSCLKSource=RCC_SYSCLKSOURCE_PLLCLK
RCC.USBFreq_Value=100000000
RCC.VCOI2SInputFreq_Value=1000000
RCC.VCOI2SOutputFreq_Value=192000000
RCC.VCOInputFreq_Value=2000000
RCC.VCOOutputFreq_Value=200000000
SH.S_CKOUTDFSDM1.0=DFSDM1_CKOUT,PDM_SPI_input_from_ch0_and_internal_clock
SH.S_CKOUTDFSDM1.1=DFSDM1_CKOUT,PDM_SPI_input_from_ch3_and_internal_clock
SH.S_CKOUTDFSDM1.ConfNb=2
SH.S_DATAIN0DFSDM1.0=DFSDM1_DATIN0,PDM_SPI_input_from_ch0_and_internal_clock
SH.S_DATAIN0DFSDM1.ConfNb=1
SH.S_DATAIN3DFSDM1.0=DFSDM1_DATIN3,PDM_SPI_input_from_ch3_and_internal_clock
SH.S_DATAIN3DFSDM1.ConfNb=1
USART2.IPParameters=VirtualMode
USART2.VirtualMode=VM_ASYNC
VP_FREERTOS_VS_CMSIS_V2.Mode=CMSIS_V2
VP_FREERTOS_VS_CMSIS_V2.Signal=FREERTOS_VS_CMSIS_V2
VP_SYS_VS_tim6.Mode=TIM6
VP_SYS_VS_tim6.Signal=SYS_VS_tim6
board=custom
rtos.0.ip=FREERTOS
isbadioc=false
